# THIS IS AN AUTOGENERATED FILE. DO NOT EDIT THIS FILE DIRECTLY.
# yarn lockfile v1


"@umijs/plugin-model@^2.6.1":
  version "2.6.1"
  resolved "http://registry.reta-develop.dophz.dtdream.com/@umijs%2fplugin-model/-/plugin-model-2.6.1.tgz#494be2449989baa08b0b382c09122ffa0e2374af"
  integrity sha1-SUviRJmJuqCLCzgsCRIv+g4jdK8=
  dependencies:
    fast-deep-equal "3.1.1"

fast-deep-equal@3.1.1:
  version "3.1.1"
  resolved "http://registry.reta-develop.dophz.dtdream.com/fast-deep-equal/-/fast-deep-equal-3.1.1.tgz#545145077c501491e33b15ec408c294376e94ae4"
  integrity sha1-VFFFB3xQFJHjOxXsQIwpQ3bpSuQ=
